// !$*UTF8*$!
{
	archiveVersion = 1;
	classes = {
	};
	objectVersion = 46;
	objects = {

/* Begin PBXBuildFile section */
		4A6706BC1E3CF84400FB4FF9 /* AppDelegate.swift in Sources */ = {isa = PBXBuildFile; fileRef = 4A6706BB1E3CF84400FB4FF9 /* AppDelegate.swift */; };
		4A6706BE1E3CF84400FB4FF9 /* ViewController.swift in Sources */ = {isa = PBXBuildFile; fileRef = 4A6706BD1E3CF84400FB4FF9 /* ViewController.swift */; };
		4A6706C11E3CF84400FB4FF9 /* Main.storyboard in Resources */ = {isa = PBXBuildFile; fileRef = 4A6706BF1E3CF84400FB4FF9 /* Main.storyboard */; };
		4A6706C31E3CF84400FB4FF9 /* Assets.xcassets in Resources */ = {isa = PBXBuildFile; fileRef = 4A6706C21E3CF84400FB4FF9 /* Assets.xcassets */; };
		4A6706C61E3CF84400FB4FF9 /* LaunchScreen.storyboard in Resources */ = {isa = PBXBuildFile; fileRef = 4A6706C41E3CF84400FB4FF9 /* LaunchScreen.storyboard */; };
		4A6706D11E3CF84400FB4FF9 /* mainContainerViewTests.swift in Sources */ = {isa = PBXBuildFile; fileRef = 4A6706D01E3CF84400FB4FF9 /* mainContainerViewTests.swift */; };
		4A6706DC1E3CF84400FB4FF9 /* mainContainerViewUITests.swift in Sources */ = {isa = PBXBuildFile; fileRef = 4A6706DB1E3CF84400FB4FF9 /* mainContainerViewUITests.swift */; };
/* End PBXBuildFile section */

/* Begin PBXContainerItemProxy section */
		4A6706CD1E3CF84400FB4FF9 /* PBXContainerItemProxy */ = {
			isa = PBXContainerItemProxy;
			containerPortal = 4A6706B01E3CF84400FB4FF9 /* Project object */;
			proxyType = 1;
			remoteGlobalIDString = 4A6706B71E3CF84400FB4FF9;
			remoteInfo = mainContainerView;
		};
		4A6706D81E3CF84400FB4FF9 /* PBXContainerItemProxy */ = {
			isa = PBXContainerItemProxy;
			containerPortal = 4A6706B01E3CF84400FB4FF9 /* Project object */;
			proxyType = 1;
			remoteGlobalIDString = 4A6706B71E3CF84400FB4FF9;
			remoteInfo = mainContainerView;
		};
/* End PBXContainerItemProxy section */

/* Begin PBXFileReference section */
		4A6706B81E3CF84400FB4FF9 /* mainContainerView.app */ = {isa = PBXFileReference; explicitFileType = wrapper.application; includeInIndex = 0; path = mainContainerView.app; sourceTree = BUILT_PRODUCTS_DIR; };
		4A6706BB1E3CF84400FB4FF9 /* AppDelegate.swift */ = {isa = PBXFileReference; lastKnownFileType = sourcecode.swift; path = AppDelegate.swift; sourceTree = "<group>"; };
		4A6706BD1E3CF84400FB4FF9 /* ViewController.swift */ = {isa = PBXFileReference; lastKnownFileType = sourcecode.swift; path = ViewController.swift; sourceTree = "<group>"; };
		4A6706C01E3CF84400FB4FF9 /* Base */ = {isa = PBXFileReference; lastKnownFileType = file.storyboard; name = Base; path = Base.lproj/Main.storyboard; sourceTree = "<group>"; };
		4A6706C21E3CF84400FB4FF9 /* Assets.xcassets */ = {isa = PBXFileReference; lastKnownFileType = folder.assetcatalog; path = Assets.xcassets; sourceTree = "<group>"; };
		4A6706C51E3CF84400FB4FF9 /* Base */ = {isa = PBXFileReference; lastKnownFileType = file.storyboard; name = Base; path = Base.lproj/LaunchScreen.storyboard; sourceTree = "<group>"; };
		4A6706C71E3CF84400FB4FF9 /* Info.plist */ = {isa = PBXFileReference; lastKnownFileType = text.plist.xml; path = Info.plist; sourceTree = "<group>"; };
		4A6706CC1E3CF84400FB4FF9 /* mainContainerViewTests.xctest */ = {isa = PBXFileReference; explicitFileType = wrapper.cfbundle; includeInIndex = 0; path = mainContainerViewTests.xctest; sourceTree = BUILT_PRODUCTS_DIR; };
		4A6706D01E3CF84400FB4FF9 /* mainContainerViewTests.swift */ = {isa = PBXFileReference; lastKnownFileType = sourcecode.swift; path = mainContainerViewTests.swift; sourceTree = "<group>"; };
		4A6706D21E3CF84400FB4FF9 /* Info.plist */ = {isa = PBXFileReference; lastKnownFileType = text.plist.xml; path = Info.plist; sourceTree = "<group>"; };
		4A6706D71E3CF84400FB4FF9 /* mainContainerViewUITests.xctest */ = {isa = PBXFileReference; explicitFileType = wrapper.cfbundle; includeInIndex = 0; path = mainContainerViewUITests.xctest; sourceTree = BUILT_PRODUCTS_DIR; };
		4A6706DB1E3CF84400FB4FF9 /* mainContainerViewUITests.swift */ = {isa = PBXFileReference; lastKnownFileType = sourcecode.swift; path = mainContainerViewUITests.swift; sourceTree = "<group>"; };
		4A6706DD1E3CF84400FB4FF9 /* Info.plist */ = {isa = PBXFileReference; lastKnownFileType = text.plist.xml; path = Info.plist; sourceTree = "<group>"; };
/* End PBXFileReference section */

/* Begin PBXFrameworksBuildPhase section */
		4A6706B51E3CF84400FB4FF9 /* Frameworks */ = {
			isa = PBXFrameworksBuildPhase;
			buildActionMask = 2147483647;
			files = (
			);
			runOnlyForDeploymentPostprocessing = 0;
		};
		4A6706C91E3CF84400FB4FF9 /* Frameworks */ = {
			isa = PBXFrameworksBuildPhase;
			buildActionMask = 2147483647;
			files = (
			);
			runOnlyForDeploymentPostprocessing = 0;
		};
		4A6706D41E3CF84400FB4FF9 /* Frameworks */ = {
			isa = PBXFrameworksBuildPhase;
			buildActionMask = 2147483647;
			files = (
			);
			runOnlyForDeploymentPostprocessing = 0;
		};
/* End PBXFrameworksBuildPhase section */

/* Begin PBXGroup section */
		4A6706AF1E3CF84400FB4FF9 = {
			isa = PBXGroup;
			children = (
				4A6706BA1E3CF84400FB4FF9 /* mainContainerView */,
				4A6706CF1E3CF84400FB4FF9 /* mainContainerViewTests */,
				4A6706DA1E3CF84400FB4FF9 /* mainContainerViewUITests */,
				4A6706B91E3CF84400FB4FF9 /* Products */,
			);
			sourceTree = "<group>";
		};
		4A6706B91E3CF84400FB4FF9 /* Products */ = {
			isa = PBXGroup;
			children = (
				4A6706B81E3CF84400FB4FF9 /* mainContainerView.app */,
				4A6706CC1E3CF84400FB4FF9 /* mainContainerViewTests.xctest */,
				4A6706D71E3CF84400FB4FF9 /* mainContainerViewUITests.xctest */,
			);
			name = Products;
			sourceTree = "<group>";
		};
		4A6706BA1E3CF84400FB4FF9 /* mainContainerView */ = {
			isa = PBXGroup;
			children = (
				4A6706BB1E3CF84400FB4FF9 /* AppDelegate.swift */,
				4A6706BD1E3CF84400FB4FF9 /* ViewController.swift */,
				4A6706BF1E3CF84400FB4FF9 /* Main.storyboard */,
				4A6706C21E3CF84400FB4FF9 /* Assets.xcassets */,
				4A6706C41E3CF84400FB4FF9 /* LaunchScreen.storyboard */,
				4A6706C71E3CF84400FB4FF9 /* Info.plist */,
			);
			path = mainContainerView;
			sourceTree = "<group>";
		};
		4A6706CF1E3CF84400FB4FF9 /* mainContainerViewTests */ = {
			isa = PBXGroup;
			children = (
				4A6706D01E3CF84400FB4FF9 /* mainContainerViewTests.swift */,
				4A6706D21E3CF84400FB4FF9 /* Info.plist */,
			);
			path = mainContainerViewTests;
			sourceTree = "<group>";
		};
		4A6706DA1E3CF84400FB4FF9 /* mainContainerViewUITests */ = {
			isa = PBXGroup;
			children = (
				4A6706DB1E3CF84400FB4FF9 /* mainContainerViewUITests.swift */,
				4A6706DD1E3CF84400FB4FF9 /* Info.plist */,
			);
			path = mainContainerViewUITests;
			sourceTree = "<group>";
		};
/* End PBXGroup section */

/* Begin PBXNativeTarget section */
		4A6706B71E3CF84400FB4FF9 /* mainContainerView */ = {
			isa = PBXNativeTarget;
			buildConfigurationList = 4A6706E01E3CF84400FB4FF9 /* Build configuration list for PBXNativeTarget "mainContainerView" */;
			buildPhases = (
				4A6706B41E3CF84400FB4FF9 /* Sources */,
				4A6706B51E3CF84400FB4FF9 /* Frameworks */,
				4A6706B61E3CF84400FB4FF9 /* Resources */,
			);
			buildRules = (
			);
			dependencies = (
			);
			name = mainContainerView;
			productName = mainContainerView;
			productReference = 4A6706B81E3CF84400FB4FF9 /* mainContainerView.app */;
			productType = "com.apple.product-type.application";
		};
		4A6706CB1E3CF84400FB4FF9 /* mainContainerViewTests */ = {
			isa = PBXNativeTarget;
			buildConfigurationList = 4A6706E31E3CF84400FB4FF9 /* Build configuration list for PBXNativeTarget "mainContainerViewTests" */;
			buildPhases = (
				4A6706C81E3CF84400FB4FF9 /* Sources */,
				4A6706C91E3CF84400FB4FF9 /* Frameworks */,
				4A6706CA1E3CF84400FB4FF9 /* Resources */,
			);
			buildRules = (
			);
			dependencies = (
				4A6706CE1E3CF84400FB4FF9 /* PBXTargetDependency */,
			);
			name = mainContainerViewTests;
			productName = mainContainerViewTests;
			productReference = 4A6706CC1E3CF84400FB4FF9 /* mainContainerViewTests.xctest */;
			productType = "com.apple.product-type.bundle.unit-test";
		};
		4A6706D61E3CF84400FB4FF9 /* mainContainerViewUITests */ = {
			isa = PBXNativeTarget;
			buildConfigurationList = 4A6706E61E3CF84400FB4FF9 /* Build configuration list for PBXNativeTarget "mainContainerViewUITests" */;
			buildPhases = (
				4A6706D31E3CF84400FB4FF9 /* Sources */,
				4A6706D41E3CF84400FB4FF9 /* Frameworks */,
				4A6706D51E3CF84400FB4FF9 /* Resources */,
			);
			buildRules = (
			);
			dependencies = (
				4A6706D91E3CF84400FB4FF9 /* PBXTargetDependency */,
			);
			name = mainContainerViewUITests;
			productName = mainContainerViewUITests;
			productReference = 4A6706D71E3CF84400FB4FF9 /* mainContainerViewUITests.xctest */;
			productType = "com.apple.product-type.bundle.ui-testing";
		};
/* End PBXNativeTarget section */

/* Begin PBXProject section */
		4A6706B01E3CF84400FB4FF9 /* Project object */ = {
			isa = PBXProject;
			attributes = {
				LastSwiftUpdateCheck = 0820;
				LastUpgradeCheck = 0820;
				ORGANIZATIONNAME = "Phillip Sexton";
				TargetAttributes = {
					4A6706B71E3CF84400FB4FF9 = {
						CreatedOnToolsVersion = 8.2.1;
						ProvisioningStyle = Automatic;
					};
					4A6706CB1E3CF84400FB4FF9 = {
						CreatedOnToolsVersion = 8.2.1;
						ProvisioningStyle = Automatic;
						TestTargetID = 4A6706B71E3CF84400FB4FF9;
					};
					4A6706D61E3CF84400FB4FF9 = {
						CreatedOnToolsVersion = 8.2.1;
						ProvisioningStyle = Automatic;
						TestTargetID = 4A6706B71E3CF84400FB4FF9;
					};
				};
			};
			buildConfigurationList = 4A6706B31E3CF84400FB4FF9 /* Build configuration list for PBXProject "mainContainerView" */;
			compatibilityVersion = "Xcode 3.2";
			developmentRegion = English;
			hasScannedForEncodings = 0;
			knownRegions = (
				en,
				Base,
			);
			mainGroup = 4A6706AF1E3CF84400FB4FF9;
			productRefGroup = 4A6706B91E3CF84400FB4FF9 /* Products */;
			projectDirPath = "";
			projectRoot = "";
			targets = (
				4A6706B71E3CF84400FB4FF9 /* mainContainerView */,
				4A6706CB1E3CF84400FB4FF9 /* mainContainerViewTests */,
				4A6706D61E3CF84400FB4FF9 /* mainContainerViewUITests */,
			);
		};
/* End PBXProject section */

/* Begin PBXResourcesBuildPhase section */
		4A6706B61E3CF84400FB4FF9 /* Resources */ = {
			isa = PBXResourcesBuildPhase;
			buildActionMask = 2147483647;
			files = (
				4A6706C61E3CF84400FB4FF9 /* LaunchScreen.storyboard in Resources */,
				4A6706C31E3CF84400FB4FF9 /* Assets.xcassets in Resources */,
				4A6706C11E3CF84400FB4FF9 /* Main.storyboard in Resources */,
			);
			runOnlyForDeploymentPostprocessing = 0;
		};
		4A6706CA1E3CF84400FB4FF9 /* Resources */ = {
			isa = PBXResourcesBuildPhase;
			buildActionMask = 2147483647;
			files = (
			);
			runOnlyForDeploymentPostprocessing = 0;
		};
		4A6706D51E3CF84400FB4FF9 /* Resources */ = {
			isa = PBXResourcesBuildPhase;
			buildActionMask = 2147483647;
			files = (
			);
			runOnlyForDeploymentPostprocessing = 0;
		};
/* End PBXResourcesBuildPhase section */

/* Begin PBXSourcesBuildPhase section */
		4A6706B41E3CF84400FB4FF9 /* Sources */ = {
			isa = PBXSourcesBuildPhase;
			buildActionMask = 2147483647;
			files = (
				4A6706BE1E3CF84400FB4FF9 /* ViewController.swift in Sources */,
				4A6706BC1E3CF84400FB4FF9 /* AppDelegate.swift in Sources */,
			);
			runOnlyForDeploymentPostprocessing = 0;
		};
		4A6706C81E3CF84400FB4FF9 /* Sources */ = {
			isa = PBXSourcesBuildPhase;
			buildActionMask = 2147483647;
			files = (
				4A6706D11E3CF84400FB4FF9 /* mainContainerViewTests.swift in Sources */,
			);
			runOnlyForDeploymentPostprocessing = 0;
		};
		4A6706D31E3CF84400FB4FF9 /* Sources */ = {
			isa = PBXSourcesBuildPhase;
			buildActionMask = 2147483647;
			files = (
				4A6706DC1E3CF84400FB4FF9 /* mainContainerViewUITests.swift in Sources */,
			);
			runOnlyForDeploymentPostprocessing = 0;
		};
/* End PBXSourcesBuildPhase section */

/* Begin PBXTargetDependency section */
		4A6706CE1E3CF84400FB4FF9 /* PBXTargetDependency */ = {
			isa = PBXTargetDependency;
			target = 4A6706B71E3CF84400FB4FF9 /* mainContainerView */;
			targetProxy = 4A6706CD1E3CF84400FB4FF9 /* PBXContainerItemProxy */;
		};
		4A6706D91E3CF84400FB4FF9 /* PBXTargetDependency */ = {
			isa = PBXTargetDependency;
			target = 4A6706B71E3CF84400FB4FF9 /* mainContainerView */;
			targetProxy = 4A6706D81E3CF84400FB4FF9 /* PBXContainerItemProxy */;
		};
/* End PBXTargetDependency section */

/* Begin PBXVariantGroup section */
		4A6706BF1E3CF84400FB4FF9 /* Main.storyboard */ = {
			isa = PBXVariantGroup;
			children = (
				4A6706C01E3CF84400FB4FF9 /* Base */,
			);
			name = Main.storyboard;
			sourceTree = "<group>";
		};
		4A6706C41E3CF84400FB4FF9 /* LaunchScreen.storyboard */ = {
			isa = PBXVariantGroup;
			children = (
				4A6706C51E3CF84400FB4FF9 /* Base */,
			);
			name = LaunchScreen.storyboard;
			sourceTree = "<group>";
		};
/* End PBXVariantGroup section */

/* Begin XCBuildConfiguration section */
		4A6706DE1E3CF84400FB4FF9 /* Debug */ = {
			isa = XCBuildConfiguration;
			buildSettings = {
				ALWAYS_SEARCH_USER_PATHS = NO;
				CLANG_ANALYZER_NONNULL = YES;
				CLANG_CXX_LANGUAGE_STANDARD = "gnu++0x";
				CLANG_CXX_LIBRARY = "libc++";
				CLANG_ENABLE_MODULES = YES;
				CLANG_ENABLE_OBJC_ARC = YES;
				CLANG_WARN_BOOL_CONVERSION = YES;
				CLANG_WARN_CONSTANT_CONVERSION = YES;
				CLANG_WARN_DIRECT_OBJC_ISA_USAGE = YES_ERROR;
				CLANG_WARN_DOCUMENTATION_COMMENTS = YES;
				CLANG_WARN_EMPTY_BODY = YES;
				CLANG_WARN_ENUM_CONVERSION = YES;
				CLANG_WARN_INFINITE_RECURSION = YES;
				CLANG_WARN_INT_CONVERSION = YES;
				CLANG_WARN_OBJC_ROOT_CLASS = YES_ERROR;
				CLANG_WARN_SUSPICIOUS_MOVE = YES;
				CLANG_WARN_UNREACHABLE_CODE = YES;
				CLANG_WARN__DUPLICATE_METHOD_MATCH = YES;
				"CODE_SIGN_IDENTITY[sdk=iphoneos*]" = "iPhone Developer";
				COPY_PHASE_STRIP = NO;
				DEBUG_INFORMATION_FORMAT = dwarf;
				ENABLE_STRICT_OBJC_MSGSEND = YES;
				ENABLE_TESTABILITY = YES;
				GCC_C_LANGUAGE_STANDARD = gnu99;
				GCC_DYNAMIC_NO_PIC = NO;
				GCC_NO_COMMON_BLOCKS = YES;
				GCC_OPTIMIZATION_LEVEL = 0;
				GCC_PREPROCESSOR_DEFINITIONS = (
					"DEBUG=1",
					"$(inherited)",
				);
				GCC_WARN_64_TO_32_BIT_CONVERSION = YES;
				GCC_WARN_ABOUT_RETURN_TYPE = YES_ERROR;
				GCC_WARN_UNDECLARED_SELECTOR = YES;
				GCC_WARN_UNINITIALIZED_AUTOS = YES_AGGRESSIVE;
				GCC_WARN_UNUSED_FUNCTION = YES;
				GCC_WARN_UNUSED_VARIABLE = YES;
				IPHONEOS_DEPLOYMENT_TARGET = 10.2;
				MTL_ENABLE_DEBUG_INFO = YES;
				ONLY_ACTIVE_ARCH = YES;
				SDKROOT = iphoneos;
				SWIFT_ACTIVE_COMPILATION_CONDITIONS = DEBUG;
				SWIFT_OPTIMIZATION_LEVEL = "-Onone";
				TARGETED_DEVICE_FAMILY = "1,2";
			};
			name = Debug;
		};
		4A6706DF1E3CF84400FB4FF9 /* Release */ = {
			isa = XCBuildConfiguration;
			buildSettings = {
				ALWAYS_SEARCH_USER_PATHS = NO;
				CLANG_ANALYZER_NONNULL = YES;
				CLANG_CXX_LANGUAGE_STANDARD = "gnu++0x";
				CLANG_CXX_LIBRARY = "libc++";
				CLANG_ENABLE_MODULES = YES;
				CLANG_ENABLE_OBJC_ARC = YES;
				CLANG_WARN_BOOL_CONVERSION = YES;
				CLANG_WARN_CONSTANT_CONVERSION = YES;
				CLANG_WARN_DIRECT_OBJC_ISA_USAGE = YES_ERROR;
				CLANG_WARN_DOCUMENTATION_COMMENTS = YES;
				CLANG_WARN_EMPTY_BODY = YES;
				CLANG_WARN_ENUM_CONVERSION = YES;
				CLANG_WARN_INFINITE_RECURSION = YES;
				CLANG_WARN_INT_CONVERSION = YES;
				CLANG_WARN_OBJC_ROOT_CLASS = YES_ERROR;
				CLANG_WARN_SUSPICIOUS_MOVE = YES;
				CLANG_WARN_UNREACHABLE_CODE = YES;
				CLANG_WARN__DUPLICATE_METHOD_MATCH = YES;
				"CODE_SIGN_IDENTITY[sdk=iphoneos*]" = "iPhone Developer";
				COPY_PHASE_STRIP = NO;
				DEBUG_INFORMATION_FORMAT = "dwarf-with-dsym";
				ENABLE_NS_ASSERTIONS = NO;
				ENABLE_STRICT_OBJC_MSGSEND = YES;
				GCC_C_LANGUAGE_STANDARD = gnu99;
				GCC_NO_COMMON_BLOCKS = YES;
				GCC_WARN_64_TO_32_BIT_CONVERSION = YES;
				GCC_WARN_ABOUT_RETURN_TYPE = YES_ERROR;
				GCC_WARN_UNDECLARED_SELECTOR = YES;
				GCC_WARN_UNINITIALIZED_AUTOS = YES_AGGRESSIVE;
				GCC_WARN_UNUSED_FUNCTION = YES;
				GCC_WARN_UNUSED_VARIABLE = YES;
				IPHONEOS_DEPLOYMENT_TARGET = 10.2;
				MTL_ENABLE_DEBUG_INFO = NO;
				SDKROOT = iphoneos;
				SWIFT_OPTIMIZATION_LEVEL = "-Owholemodule";
				TARGETED_DEVICE_FAMILY = "1,2";
				VALIDATE_PRODUCT = YES;
			};
			name = Release;
		};
		4A6706E11E3CF84400FB4FF9 /* Debug */ = {
			isa = XCBuildConfiguration;
			buildSettings = {
				ASSETCATALOG_COMPILER_APPICON_NAME = AppIcon;
				INFOPLIST_FILE = mainContainerView/Info.plist;
				LD_RUNPATH_SEARCH_PATHS = "$(inherited) @executable_path/Frameworks";
				PRODUCT_BUNDLE_IDENTIFIER = com.phillipsexton.mainContainerView;
				PRODUCT_NAME = "$(TARGET_NAME)";
				SWIFT_VERSION = 3.0;
			};
			name = Debug;
		};
		4A6706E21E3CF84400FB4FF9 /* Release */ = {
			isa = XCBuildConfiguration;
			buildSettings = {
				ASSETCATALOG_COMPILER_APPICON_NAME = AppIcon;
				INFOPLIST_FILE = mainContainerView/Info.plist;
				LD_RUNPATH_SEARCH_PATHS = "$(inherited) @executable_path/Frameworks";
				PRODUCT_BUNDLE_IDENTIFIER = com.phillipsexton.mainContainerView;
				PRODUCT_NAME = "$(TARGET_NAME)";
				SWIFT_VERSION = 3.0;
			};
			name = Release;
		};
		4A6706E41E3CF84400FB4FF9 /* Debug */ = {
			isa = XCBuildConfiguration;
			buildSettings = {
				ALWAYS_EMBED_SWIFT_STANDARD_LIBRARIES = YES;
				BUNDLE_LOADER = "$(TEST_HOST)";
				INFOPLIST_FILE = mainContainerViewTests/Info.plist;
				LD_RUNPATH_SEARCH_PATHS = "$(inherited) @executable_path/Frameworks @loader_path/Frameworks";
				PRODUCT_BUNDLE_IDENTIFIER = com.phillipsexton.mainContainerViewTests;
				PRODUCT_NAME = "$(TARGET_NAME)";
				SWIFT_VERSION = 3.0;
				TEST_HOST = "$(BUILT_PRODUCTS_DIR)/mainContainerView.app/mainContainerView";
			};
			name = Debug;
		};
		4A6706E51E3CF84400FB4FF9 /* Release */ = {
			isa = XCBuildConfiguration;
			buildSettings = {
				ALWAYS_EMBED_SWIFT_STANDARD_LIBRARIES = YES;
				BUNDLE_LOADER = "$(TEST_HOST)";
				INFOPLIST_FILE = mainContainerViewTests/Info.plist;
				LD_RUNPATH_SEARCH_PATHS = "$(inherited) @executable_path/Frameworks @loader_path/Frameworks";
				PRODUCT_BUNDLE_IDENTIFIER = com.phillipsexton.mainContainerViewTests;
				PRODUCT_NAME = "$(TARGET_NAME)";
				SWIFT_VERSION = 3.0;
				TEST_HOST = "$(BUILT_PRODUCTS_DIR)/mainContainerView.app/mainContainerView";
			};
			name = Release;
		};
		4A6706E71E3CF84400FB4FF9 /* Debug */ = {
			isa = XCBuildConfiguration;
			buildSettings = {
				ALWAYS_EMBED_SWIFT_STANDARD_LIBRARIES = YES;
				INFOPLIST_FILE = mainContainerViewUITests/Info.plist;
				LD_RUNPATH_SEARCH_PATHS = "$(inherited) @executable_path/Frameworks @loader_path/Frameworks";
				PRODUCT_BUNDLE_IDENTIFIER = com.phillipsexton.mainContainerViewUITests;
				PRODUCT_NAME = "$(TARGET_NAME)";
				SWIFT_VERSION = 3.0;
				TEST_TARGET_NAME = mainContainerView;
			};
			name = Debug;
		};
		4A6706E81E3CF84400FB4FF9 /* Release */ = {
			isa = XCBuildConfiguration;
			buildSettings = {
				ALWAYS_EMBED_SWIFT_STANDARD_LIBRARIES = YES;
				INFOPLIST_FILE = mainContainerViewUITests/Info.plist;
				LD_RUNPATH_SEARCH_PATHS = "$(inherited) @executable_path/Frameworks @loader_path/Frameworks";
				PRODUCT_BUNDLE_IDENTIFIER = com.phillipsexton.mainContainerViewUITests;
				PRODUCT_NAME = "$(TARGET_NAME)";
				SWIFT_VERSION = 3.0;
				TEST_TARGET_NAME = mainContainerView;
			};
			name = Release;
		};
/* End XCBuildConfiguration section */

/* Begin XCConfigurationList section */
		4A6706B31E3CF84400FB4FF9 /* Build configuration list for PBXProject "mainContainerView" */ = {
			isa = XCConfigurationList;
			buildConfigurations = (
				4A6706DE1E3CF84400FB4FF9 /* Debug */,
				4A6706DF1E3CF84400FB4FF9 /* Release */,
			);
			defaultConfigurationIsVisible = 0;
			defaultConfigurationName = Release;
		};
		4A6706E01E3CF84400FB4FF9 /* Build configuration list for PBXNativeTarget "mainContainerView" */ = {
			isa = XCConfigurationList;
			buildConfigurations = (
				4A6706E11E3CF84400FB4FF9 /* Debug */,
				4A6706E21E3CF84400FB4FF9 /* Release */,
			);
			defaultConfigurationIsVisible = 0;
		};
		4A6706E31E3CF84400FB4FF9 /* Build configuration list for PBXNativeTarget "mainContainerViewTests" */ = {
			isa = XCConfigurationList;
			buildConfigurations = (
				4A6706E41E3CF84400FB4FF9 /* Debug */,
				4A6706E51E3CF84400FB4FF9 /* Release */,
			);
			defaultConfigurationIsVisible = 0;
		};
		4A6706E61E3CF84400FB4FF9 /* Build configuration list for PBXNativeTarget "mainContainerViewUITests" */ = {
			isa = XCConfigurationList;
			buildConfigurations = (
				4A6706E71E3CF84400FB4FF9 /* Debug */,
				4A6706E81E3CF84400FB4FF9 /* Release */,
			);
			defaultConfigurationIsVisible = 0;
		};
/* End XCConfigurationList section */
	};
	rootObject = 4A6706B01E3CF84400FB4FF9 /* Project object */;
}
